{
    "version": 3,
    "terraform_version": "0.11.7",
    "serial": 4,
    "lineage": "db7f3d45-4dfd-6d5a-b77b-05aabbf21655",
    "modules": [
        {
            "path": [
                "root"
            ],
            "outputs": {},
            "resources": {
                "github_team.theclass": {
                    "type": "github_team",
                    "depends_on": [],
                    "primary": {
                        "id": "2920094",
                        "attributes": {
                            "description": "The students and teacher of the class",
                            "etag": "W/\"c206781e3db9d3592d08308a0ddba3aa\"",
                            "id": "2920094",
                            "ldap_dn": "",
                            "name": "TheClass",
                            "privacy": "secret",
                            "slug": "theclass"
                        },
                        "meta": {},
                        "tainted": false
                    },
                    "deposed": [],
                    "provider": "provider.github"
                },
                "github_team_membership.members": {
                    "type": "github_team_membership",
                    "depends_on": [
                        "github_team.theclass"
                    ],
                    "primary": {
                        "id": "2920094:glennbech",
                        "attributes": {
                            "etag": "W/\"55cb9e10943154a295de9b304718d19c\"",
                            "id": "2920094:glennbech",
                            "role": "member",
                            "team_id": "2920094",
                            "username": "glennbech"
                        },
                        "meta": {},
                        "tainted": false
                    },
                    "deposed": [],
                    "provider": "provider.github"
                }
            },
            "depends_on": []
        }
    ]
}
