{
    "version": 3,
    "terraform_version": "0.11.7",
    "serial": 4,
    "lineage": "db7f3d45-4dfd-6d5a-b77b-05aabbf21655",
    "modules": [
        {
            "path": [
                "root"
            ],
            "outputs": {},
            "resources": {
                "github_repository.frontend": {
                    "type": "github_repository",
                    "depends_on": [],
                    "primary": {
                        "id": "frontend",
                        "attributes": {
                            "allow_merge_commit": "true",
                            "allow_rebase_merge": "true",
                            "allow_squash_merge": "true",
                            "archived": "false",
                            "default_branch": "master",
                            "description": "Front end application",
                            "etag": "W/\"00bcac235e726b90cdfd1a5f66ea7bd8\"",
                            "full_name": "PGR301-2018/frontend",
                            "git_clone_url": "git://github.com/PGR301-2018/frontend.git",
                            "has_downloads": "false",
                            "has_issues": "false",
                            "has_wiki": "false",
                            "homepage_url": "",
                            "html_url": "https://github.com/PGR301-2018/frontend",
                            "http_clone_url": "https://github.com/PGR301-2018/frontend.git",
                            "id": "frontend",
                            "name": "frontend",
                            "private": "false",
                            "ssh_clone_url": "git@github.com:PGR301-2018/frontend.git",
                            "svn_url": "https://github.com/PGR301-2018/frontend",
                            "topics.#": "0"
                        },
                        "meta": {},
                        "tainted": false
                    },
                    "deposed": [],
                    "provider": "provider.github"
                },
                "github_repository.server": {
                    "type": "github_repository",
                    "depends_on": [],
                    "primary": {
                        "id": "backend",
                        "attributes": {
                            "allow_merge_commit": "true",
                            "allow_rebase_merge": "true",
                            "allow_squash_merge": "true",
                            "archived": "false",
                            "default_branch": "master",
                            "description": "Back end application",
                            "etag": "W/\"2e5c9ab3d02448c90c928939cb85951c\"",
                            "full_name": "PGR301-2018/backend",
                            "git_clone_url": "git://github.com/PGR301-2018/backend.git",
                            "has_downloads": "false",
                            "has_issues": "false",
                            "has_wiki": "false",
                            "homepage_url": "",
                            "html_url": "https://github.com/PGR301-2018/backend",
                            "http_clone_url": "https://github.com/PGR301-2018/backend.git",
                            "id": "backend",
                            "name": "backend",
                            "private": "false",
                            "ssh_clone_url": "git@github.com:PGR301-2018/backend.git",
                            "svn_url": "https://github.com/PGR301-2018/backend",
                            "topics.#": "0"
                        },
                        "meta": {},
                        "tainted": false
                    },
                    "deposed": [],
                    "provider": "provider.github"
                },
                "github_team.theclass": {
                    "type": "github_team",
                    "depends_on": [],
                    "primary": {
                        "id": "2920094",
                        "attributes": {
                            "description": "The students and teacher of the class",
                            "etag": "W/\"c206781e3db9d3592d08308a0ddba3aa\"",
                            "id": "2920094",
                            "ldap_dn": "",
                            "name": "TheClass",
                            "privacy": "secret",
                            "slug": "theclass"
                        },
                        "meta": {},
                        "tainted": false
                    },
                    "deposed": [],
                    "provider": "provider.github"
                },
                "github_team_membership.members": {
                    "type": "github_team_membership",
                    "depends_on": [
                        "github_team.theclass"
                    ],
                    "primary": {
                        "id": "2920094:glennbech",
                        "attributes": {
                            "etag": "W/\"55cb9e10943154a295de9b304718d19c\"",
                            "id": "2920094:glennbech",
                            "role": "member",
                            "team_id": "2920094",
                            "username": "glennbech"
                        },
                        "meta": {},
                        "tainted": false
                    },
                    "deposed": [],
                    "provider": "provider.github"
                }
            },
            "depends_on": []
        }
    ]
}
