{
    "version": 3,
    "terraform_version": "0.11.7",
    "serial": 5,
    "lineage": "db7f3d45-4dfd-6d5a-b77b-05aabbf21655",
    "modules": [
        {
            "path": [
                "root"
            ],
            "outputs": {},
            "resources": {
                "github_repository.api": {
                    "type": "github_repository",
                    "depends_on": [],
                    "primary": {
                        "id": "api",
                        "attributes": {
                            "allow_merge_commit": "true",
                            "allow_rebase_merge": "true",
                            "allow_squash_merge": "true",
                            "archived": "false",
                            "default_branch": "master",
                            "description": "The API",
                            "etag": "W/\"3bca3ae4128dbf54c8f5b2d3a64f34f1\"",
                            "full_name": "PGR301-2018/api",
                            "git_clone_url": "git://github.com/PGR301-2018/api.git",
                            "has_downloads": "false",
                            "has_issues": "false",
                            "has_wiki": "false",
                            "homepage_url": "",
                            "html_url": "https://github.com/PGR301-2018/api",
                            "http_clone_url": "https://github.com/PGR301-2018/api.git",
                            "id": "api",
                            "name": "api",
                            "private": "false",
                            "ssh_clone_url": "git@github.com:PGR301-2018/api.git",
                            "svn_url": "https://github.com/PGR301-2018/api",
                            "topics.#": "0"
                        },
                        "meta": {},
                        "tainted": false
                    },
                    "deposed": [],
                    "provider": "provider.github"
                },
                "github_repository.frontend": {
                    "type": "github_repository",
                    "depends_on": [],
                    "primary": {
                        "id": "frontend",
                        "attributes": {
                            "allow_merge_commit": "true",
                            "allow_rebase_merge": "true",
                            "allow_squash_merge": "true",
                            "archived": "false",
                            "default_branch": "master",
                            "description": "Front end application",
                            "etag": "W/\"c0374231f48bb1a4da481e95f150719b\"",
                            "full_name": "PGR301-2018/frontend",
                            "git_clone_url": "git://github.com/PGR301-2018/frontend.git",
                            "has_downloads": "false",
                            "has_issues": "false",
                            "has_wiki": "false",
                            "homepage_url": "",
                            "html_url": "https://github.com/PGR301-2018/frontend",
                            "http_clone_url": "https://github.com/PGR301-2018/frontend.git",
                            "id": "frontend",
                            "name": "frontend",
                            "private": "false",
                            "ssh_clone_url": "git@github.com:PGR301-2018/frontend.git",
                            "svn_url": "https://github.com/PGR301-2018/frontend",
                            "topics.#": "0"
                        },
                        "meta": {},
                        "tainted": false
                    },
                    "deposed": [],
                    "provider": "provider.github"
                },
                "github_repository.server": {
                    "type": "github_repository",
                    "depends_on": [],
                    "primary": {
                        "id": "backend",
                        "attributes": {
                            "allow_merge_commit": "true",
                            "allow_rebase_merge": "true",
                            "allow_squash_merge": "true",
                            "archived": "false",
                            "default_branch": "master",
                            "description": "Back end application",
                            "etag": "W/\"1eecc3b99f23f5c578691d7520d26c71\"",
                            "full_name": "PGR301-2018/backend",
                            "git_clone_url": "git://github.com/PGR301-2018/backend.git",
                            "has_downloads": "false",
                            "has_issues": "false",
                            "has_wiki": "false",
                            "homepage_url": "",
                            "html_url": "https://github.com/PGR301-2018/backend",
                            "http_clone_url": "https://github.com/PGR301-2018/backend.git",
                            "id": "backend",
                            "name": "backend",
                            "private": "false",
                            "ssh_clone_url": "git@github.com:PGR301-2018/backend.git",
                            "svn_url": "https://github.com/PGR301-2018/backend",
                            "topics.#": "0"
                        },
                        "meta": {},
                        "tainted": false
                    },
                    "deposed": [],
                    "provider": "provider.github"
                },
                "github_team.theclass": {
                    "type": "github_team",
                    "depends_on": [],
                    "primary": {
                        "id": "2920094",
                        "attributes": {
                            "description": "The students and teacher of the class",
                            "etag": "W/\"0ccaae024e224b2d26318f9ccd9e40ed\"",
                            "id": "2920094",
                            "ldap_dn": "",
                            "name": "pgr301class",
                            "privacy": "secret",
                            "slug": "pgr301class"
                        },
                        "meta": {},
                        "tainted": false
                    },
                    "deposed": [],
                    "provider": "provider.github"
                },
                "github_team_membership.glennbech": {
                    "type": "github_team_membership",
                    "depends_on": [
                        "github_team.theclass"
                    ],
                    "primary": {
                        "id": "2920094:glennbech",
                        "attributes": {
                            "etag": "W/\"55cb9e10943154a295de9b304718d19c\"",
                            "id": "2920094:glennbech",
                            "role": "maintainer",
                            "team_id": "2920094",
                            "username": "glennbech"
                        },
                        "meta": {},
                        "tainted": false
                    },
                    "deposed": [],
                    "provider": "provider.github"
                },
                "github_team_membership.larstobi": {
                    "type": "github_team_membership",
                    "depends_on": [
                        "github_team.theclass"
                    ],
                    "primary": {
                        "id": "2920094:larstobi",
                        "attributes": {
                            "etag": "W/\"fd6da0d73aae226e118daf595a25ac2b\"",
                            "id": "2920094:larstobi",
                            "role": "member",
                            "team_id": "2920094",
                            "username": "larstobi"
                        },
                        "meta": {},
                        "tainted": false
                    },
                    "deposed": [],
                    "provider": "provider.github"
                }
            },
            "depends_on": []
        }
    ]
}
